PODS:
  - Alamofire (5.4.3)
  - MBoxReposDemo (0.1.0):
    - Alamofire
    - SnapKit
  - SnapKit (5.0.1)

DEPENDENCIES:
  - Alamofire (~> 5.4)
  - MBoxReposDemo (from `../`)
  - SnapKit (~> 5.0.0)

SPEC REPOS:
  https://github.com/CocoaPods/Specs.git:
    - Alamofire
    - SnapKit

EXTERNAL SOURCES:
  MBoxReposDemo:
    :path: "../"

SPEC CHECKSUMS:
  Alamofire: e447a2774a40c996748296fa2c55112fdbbc42f9
  MBoxReposDemo: fa75ff37288df8bab0ef0c29160ddd33b5e521e8
  SnapKit: 97b92857e3df3a0c71833cce143274bf6ef8e5eb

PODFILE CHECKSUM: 790526c0fd90eafc77f328417d5d66df1c452c78

COCOAPODS: 1.10.2
