PODS:
  - Alamofire (5.4.3)
  - MBoxReposDemo (0.1.0):
    - Alamofire
    - SwiftyJSON
  - SwiftyJSON (5.0.1)

DEPENDENCIES:
  - Alamofire (= 5.4.3)
  - MBoxReposDemo (from `../`)
  - SwiftyJSON (= 5.0.1)

SPEC REPOS:
  https://github.com/CocoaPods/Specs.git:
    - Alamofire
  trunk:
    - SwiftyJSON

EXTERNAL SOURCES:
  MBoxReposDemo:
    :path: "../"

SPEC CHECKSUMS:
  Alamofire: e447a2774a40c996748296fa2c55112fdbbc42f9
  MBoxReposDemo: e43a14e02f14f7371dd09c7e2d7129baf3858e48
  SwiftyJSON: 2f33a42c6fbc52764d96f13368585094bfd8aa5e

PODFILE CHECKSUM: 1ec01cb06ef6120d32f927b774aa4a5d1f5722a8

COCOAPODS: 1.10.2
